
Microsoft Visual Studio Solution File, Format Version 12.00
# Visual Studio Version 17
VisualStudioVersion = 17.5.33516.290
MinimumVisualStudioVersion = 10.0.40219.1
Project("{FAE04EC0-301F-11D3-BF4B-00C04F79EFBC}") = "MyToDoApplication", "MyToDoApplication.csproj", "{C9DE6B84-DBBC-4B4D-A041-B1C73925600D}"
EndProject
Global
	GlobalSection(SolutionConfigurationPlatforms) = preSolution
		Debug|Any CPU = Debug|Any CPU
		Release|Any CPU = Release|Any CPU
	EndGlobalSection
	GlobalSection(ProjectConfigurationPlatforms) = postSolution
		{C9DE6B84-DBBC-4B4D-A041-B1C73925600D}.Debug|Any CPU.ActiveCfg = Debug|Any CPU
		{C9DE6B84-DBBC-4B4D-A041-B1C73925600D}.Debug|Any CPU.Build.0 = Debug|Any CPU
		{C9DE6B84-DBBC-4B4D-A041-B1C73925600D}.Release|Any CPU.ActiveCfg = Release|Any CPU
		{C9DE6B84-DBBC-4B4D-A041-B1C73925600D}.Release|Any CPU.Build.0 = Release|Any CPU
	EndGlobalSection
	GlobalSection(SolutionProperties) = preSolution
		HideSolutionNode = FALSE
	EndGlobalSection
	GlobalSection(ExtensibilityGlobals) = postSolution
		SolutionGuid = {7844283B-0B9A-4E65-B865-D49646238F29}
	EndGlobalSection
EndGlobal
